// !$*UTF8*$!
{
	archiveVersion = 1;
	classes = {
	};
	objectVersion = 50;
	objects = {

/* Begin PBXBuildFile section */
		9FD42C8223F91FF600587BD8 /* AppDelegate.swift in Sources */ = {isa = PBXBuildFile; fileRef = 9FD42C8123F91FF600587BD8 /* AppDelegate.swift */; };
		9FD42C8423F91FF600587BD8 /* SceneDelegate.swift in Sources */ = {isa = PBXBuildFile; fileRef = 9FD42C8323F91FF600587BD8 /* SceneDelegate.swift */; };
		9FD42C8623F91FF600587BD8 /* ViewController.swift in Sources */ = {isa = PBXBuildFile; fileRef = 9FD42C8523F91FF600587BD8 /* ViewController.swift */; };
		9FD42C8923F91FF600587BD8 /* Main.storyboard in Resources */ = {isa = PBXBuildFile; fileRef = 9FD42C8723F91FF600587BD8 /* Main.storyboard */; };
		9FD42C8B23F91FFA00587BD8 /* Assets.xcassets in Resources */ = {isa = PBXBuildFile; fileRef = 9FD42C8A23F91FFA00587BD8 /* Assets.xcassets */; };
		9FD42C8E23F91FFA00587BD8 /* LaunchScreen.storyboard in Resources */ = {isa = PBXBuildFile; fileRef = 9FD42C8C23F91FFA00587BD8 /* LaunchScreen.storyboard */; };
/* End PBXBuildFile section */

/* Begin PBXContainerItemProxy section */
		9FD42C9523F91FFB00587BD8 /* PBXContainerItemProxy */ = {
			isa = PBXContainerItemProxy;
			containerPortal = 9FD42C7623F91FF500587BD8 /* Project object */;
			proxyType = 1;
			remoteGlobalIDString = 9FD42C7D23F91FF600587BD8;
			remoteInfo = MyName;
		};
		9FD42CA023F91FFB00587BD8 /* PBXContainerItemProxy */ = {
			isa = PBXContainerItemProxy;
			containerPortal = 9FD42C7623F91FF500587BD8 /* Project object */;
			proxyType = 1;
			remoteGlobalIDString = 9FD42C7D23F91FF600587BD8;
			remoteInfo = MyName;
		};
/* End PBXContainerItemProxy section */

/* Begin PBXFileReference section */
		9FD42C7E23F91FF600587BD8 /* MyName.app */ = {isa = PBXFileReference; explicitFileType = wrapper.application; includeInIndex = 0; path = MyName.app; sourceTree = BUILT_PRODUCTS_DIR; };
		9FD42C8123F91FF600587BD8 /* AppDelegate.swift */ = {isa = PBXFileReference; lastKnownFileType = sourcecode.swift; path = AppDelegate.swift; sourceTree = "<group>"; };
		9FD42C8323F91FF600587BD8 /* SceneDelegate.swift */ = {isa = PBXFileReference; lastKnownFileType = sourcecode.swift; path = SceneDelegate.swift; sourceTree = "<group>"; };
		9FD42C8523F91FF600587BD8 /* ViewController.swift */ = {isa = PBXFileReference; lastKnownFileType = sourcecode.swift; path = ViewController.swift; sourceTree = "<group>"; };
		9FD42C8823F91FF600587BD8 /* Base */ = {isa = PBXFileReference; lastKnownFileType = file.storyboard; name = Base; path = Base.lproj/Main.storyboard; sourceTree = "<group>"; };
		9FD42C8A23F91FFA00587BD8 /* Assets.xcassets */ = {isa = PBXFileReference; lastKnownFileType = folder.assetcatalog; path = Assets.xcassets; sourceTree = "<group>"; };
		9FD42C8D23F91FFA00587BD8 /* Base */ = {isa = PBXFileReference; lastKnownFileType = file.storyboard; name = Base; path = Base.lproj/LaunchScreen.storyboard; sourceTree = "<group>"; };
		9FD42C8F23F91FFA00587BD8 /* Info.plist */ = {isa = PBXFileReference; lastKnownFileType = text.plist.xml; path = Info.plist; sourceTree = "<group>"; };
		9FD42C9423F91FFB00587BD8 /* MyNameTests.xctest */ = {isa = PBXFileReference; explicitFileType = wrapper.cfbundle; includeInIndex = 0; path = MyNameTests.xctest; sourceTree = BUILT_PRODUCTS_DIR; };
		9FD42C9F23F91FFB00587BD8 /* MyNameUITests.xctest */ = {isa = PBXFileReference; explicitFileType = wrapper.cfbundle; includeInIndex = 0; path = MyNameUITests.xctest; sourceTree = BUILT_PRODUCTS_DIR; };
/* End PBXFileReference section */

/* Begin PBXFrameworksBuildPhase section */
		9FD42C7B23F91FF600587BD8 /* Frameworks */ = {
			isa = PBXFrameworksBuildPhase;
			buildActionMask = 2147483647;
			files = (
			);
			runOnlyForDeploymentPostprocessing = 0;
		};
		9FD42C9123F91FFB00587BD8 /* Frameworks */ = {
			isa = PBXFrameworksBuildPhase;
			buildActionMask = 2147483647;
			files = (
			);
			runOnlyForDeploymentPostprocessing = 0;
		};
		9FD42C9C23F91FFB00587BD8 /* Frameworks */ = {
			isa = PBXFrameworksBuildPhase;
			buildActionMask = 2147483647;
			files = (
			);
			runOnlyForDeploymentPostprocessing = 0;
		};
/* End PBXFrameworksBuildPhase section */

/* Begin PBXGroup section */
		9FD42C7523F91FF500587BD8 = {
			isa = PBXGroup;
			children = (
				9FD42C8023F91FF600587BD8 /* MyName */,
				9FD42C7F23F91FF600587BD8 /* Products */,
			);
			sourceTree = "<group>";
		};
		9FD42C7F23F91FF600587BD8 /* Products */ = {
			isa = PBXGroup;
			children = (
				9FD42C7E23F91FF600587BD8 /* MyName.app */,
				9FD42C9423F91FFB00587BD8 /* MyNameTests.xctest */,
				9FD42C9F23F91FFB00587BD8 /* MyNameUITests.xctest */,
			);
			name = Products;
			sourceTree = "<group>";
		};
		9FD42C8023F91FF600587BD8 /* MyName */ = {
			isa = PBXGroup;
			children = (
				9FD42C8123F91FF600587BD8 /* AppDelegate.swift */,
				9FD42C8323F91FF600587BD8 /* SceneDelegate.swift */,
				9FD42C8523F91FF600587BD8 /* ViewController.swift */,
				9FD42C8723F91FF600587BD8 /* Main.storyboard */,
				9FD42C8A23F91FFA00587BD8 /* Assets.xcassets */,
				9FD42C8C23F91FFA00587BD8 /* LaunchScreen.storyboard */,
				9FD42C8F23F91FFA00587BD8 /* Info.plist */,
			);
			path = MyName;
			sourceTree = "<group>";
		};
/* End PBXGroup section */

/* Begin PBXNativeTarget section */
		9FD42C7D23F91FF600587BD8 /* MyName */ = {
			isa = PBXNativeTarget;
			buildConfigurationList = 9FD42CA823F91FFB00587BD8 /* Build configuration list for PBXNativeTarget "MyName" */;
			buildPhases = (
				9FD42C7A23F91FF600587BD8 /* Sources */,
				9FD42C7B23F91FF600587BD8 /* Frameworks */,
				9FD42C7C23F91FF600587BD8 /* Resources */,
			);
			buildRules = (
			);
			dependencies = (
			);
			name = MyName;
			productName = MyName;
			productReference = 9FD42C7E23F91FF600587BD8 /* MyName.app */;
			productType = "com.apple.product-type.application";
		};
		9FD42C9323F91FFB00587BD8 /* MyNameTests */ = {
			isa = PBXNativeTarget;
			buildConfigurationList = 9FD42CAB23F91FFB00587BD8 /* Build configuration list for PBXNativeTarget "MyNameTests" */;
			buildPhases = (
				9FD42C9023F91FFB00587BD8 /* Sources */,
				9FD42C9123F91FFB00587BD8 /* Frameworks */,
				9FD42C9223F91FFB00587BD8 /* Resources */,
			);
			buildRules = (
			);
			dependencies = (
				9FD42C9623F91FFB00587BD8 /* PBXTargetDependency */,
			);
			name = MyNameTests;
			productName = MyNameTests;
			productReference = 9FD42C9423F91FFB00587BD8 /* MyNameTests.xctest */;
			productType = "com.apple.product-type.bundle.unit-test";
		};
		9FD42C9E23F91FFB00587BD8 /* MyNameUITests */ = {
			isa = PBXNativeTarget;
			buildConfigurationList = 9FD42CAE23F91FFB00587BD8 /* Build configuration list for PBXNativeTarget "MyNameUITests" */;
			buildPhases = (
				9FD42C9B23F91FFB00587BD8 /* Sources */,
				9FD42C9C23F91FFB00587BD8 /* Frameworks */,
				9FD42C9D23F91FFB00587BD8 /* Resources */,
			);
			buildRules = (
			);
			dependencies = (
				9FD42CA123F91FFB00587BD8 /* PBXTargetDependency */,
			);
			name = MyNameUITests;
			productName = MyNameUITests;
			productReference = 9FD42C9F23F91FFB00587BD8 /* MyNameUITests.xctest */;
			productType = "com.apple.product-type.bundle.ui-testing";
		};
/* End PBXNativeTarget section */

/* Begin PBXProject section */
		9FD42C7623F91FF500587BD8 /* Project object */ = {
			isa = PBXProject;
			attributes = {
				LastSwiftUpdateCheck = 1130;
				LastUpgradeCheck = 1130;
				ORGANIZATIONNAME = "Alex Vorobev";
				TargetAttributes = {
					9FD42C7D23F91FF600587BD8 = {
						CreatedOnToolsVersion = 11.3.1;
					};
					9FD42C9323F91FFB00587BD8 = {
						CreatedOnToolsVersion = 11.3.1;
						TestTargetID = 9FD42C7D23F91FF600587BD8;
					};
					9FD42C9E23F91FFB00587BD8 = {
						CreatedOnToolsVersion = 11.3.1;
						TestTargetID = 9FD42C7D23F91FF600587BD8;
					};
				};
			};
			buildConfigurationList = 9FD42C7923F91FF500587BD8 /* Build configuration list for PBXProject "MyName" */;
			compatibilityVersion = "Xcode 9.3";
			developmentRegion = en;
			hasScannedForEncodings = 0;
			knownRegions = (
				en,
				Base,
			);
			mainGroup = 9FD42C7523F91FF500587BD8;
			productRefGroup = 9FD42C7F23F91FF600587BD8 /* Products */;
			projectDirPath = "";
			projectRoot = "";
			targets = (
				9FD42C7D23F91FF600587BD8 /* MyName */,
				9FD42C9323F91FFB00587BD8 /* MyNameTests */,
				9FD42C9E23F91FFB00587BD8 /* MyNameUITests */,
			);
		};
/* End PBXProject section */

/* Begin PBXResourcesBuildPhase section */
		9FD42C7C23F91FF600587BD8 /* Resources */ = {
			isa = PBXResourcesBuildPhase;
			buildActionMask = 2147483647;
			files = (
				9FD42C8E23F91FFA00587BD8 /* LaunchScreen.storyboard in Resources */,
				9FD42C8B23F91FFA00587BD8 /* Assets.xcassets in Resources */,
				9FD42C8923F91FF600587BD8 /* Main.storyboard in Resources */,
			);
			runOnlyForDeploymentPostprocessing = 0;
		};
		9FD42C9223F91FFB00587BD8 /* Resources */ = {
			isa = PBXResourcesBuildPhase;
			buildActionMask = 2147483647;
			files = (
			);
			runOnlyForDeploymentPostprocessing = 0;
		};
		9FD42C9D23F91FFB00587BD8 /* Resources */ = {
			isa = PBXResourcesBuildPhase;
			buildActionMask = 2147483647;
			files = (
			);
			runOnlyForDeploymentPostprocessing = 0;
		};
/* End PBXResourcesBuildPhase section */

/* Begin PBXSourcesBuildPhase section */
		9FD42C7A23F91FF600587BD8 /* Sources */ = {
			isa = PBXSourcesBuildPhase;
			buildActionMask = 2147483647;
			files = (
				9FD42C8623F91FF600587BD8 /* ViewController.swift in Sources */,
				9FD42C8223F91FF600587BD8 /* AppDelegate.swift in Sources */,
				9FD42C8423F91FF600587BD8 /* SceneDelegate.swift in Sources */,
			);
			runOnlyForDeploymentPostprocessing = 0;
		};
		9FD42C9023F91FFB00587BD8 /* Sources */ = {
			isa = PBXSourcesBuildPhase;
			buildActionMask = 2147483647;
			files = (
			);
			runOnlyForDeploymentPostprocessing = 0;
		};
		9FD42C9B23F91FFB00587BD8 /* Sources */ = {
			isa = PBXSourcesBuildPhase;
			buildActionMask = 2147483647;
			files = (
			);
			runOnlyForDeploymentPostprocessing = 0;
		};
/* End PBXSourcesBuildPhase section */

/* Begin PBXTargetDependency section */
		9FD42C9623F91FFB00587BD8 /* PBXTargetDependency */ = {
			isa = PBXTargetDependency;
			target = 9FD42C7D23F91FF600587BD8 /* MyName */;
			targetProxy = 9FD42C9523F91FFB00587BD8 /* PBXContainerItemProxy */;
		};
		9FD42CA123F91FFB00587BD8 /* PBXTargetDependency */ = {
			isa = PBXTargetDependency;
			target = 9FD42C7D23F91FF600587BD8 /* MyName */;
			targetProxy = 9FD42CA023F91FFB00587BD8 /* PBXContainerItemProxy */;
		};
/* End PBXTargetDependency section */

/* Begin PBXVariantGroup section */
		9FD42C8723F91FF600587BD8 /* Main.storyboard */ = {
			isa = PBXVariantGroup;
			children = (
				9FD42C8823F91FF600587BD8 /* Base */,
			);
			name = Main.storyboard;
			sourceTree = "<group>";
		};
		9FD42C8C23F91FFA00587BD8 /* LaunchScreen.storyboard */ = {
			isa = PBXVariantGroup;
			children = (
				9FD42C8D23F91FFA00587BD8 /* Base */,
			);
			name = LaunchScreen.storyboard;
			sourceTree = "<group>";
		};
/* End PBXVariantGroup section */

/* Begin XCBuildConfiguration section */
		9FD42CA623F91FFB00587BD8 /* Debug */ = {
			isa = XCBuildConfiguration;
			buildSettings = {
				ALWAYS_SEARCH_USER_PATHS = NO;
				CLANG_ANALYZER_NONNULL = YES;
				CLANG_ANALYZER_NUMBER_OBJECT_CONVERSION = YES_AGGRESSIVE;
				CLANG_CXX_LANGUAGE_STANDARD = "gnu++14";
				CLANG_CXX_LIBRARY = "libc++";
				CLANG_ENABLE_MODULES = YES;
				CLANG_ENABLE_OBJC_ARC = YES;
				CLANG_ENABLE_OBJC_WEAK = YES;
				CLANG_WARN_BLOCK_CAPTURE_AUTORELEASING = YES;
				CLANG_WARN_BOOL_CONVERSION = YES;
				CLANG_WARN_COMMA = YES;
				CLANG_WARN_CONSTANT_CONVERSION = YES;
				CLANG_WARN_DEPRECATED_OBJC_IMPLEMENTATIONS = YES;
				CLANG_WARN_DIRECT_OBJC_ISA_USAGE = YES_ERROR;
				CLANG_WARN_DOCUMENTATION_COMMENTS = YES;
				CLANG_WARN_EMPTY_BODY = YES;
				CLANG_WARN_ENUM_CONVERSION = YES;
				CLANG_WARN_INFINITE_RECURSION = YES;
				CLANG_WARN_INT_CONVERSION = YES;
				CLANG_WARN_NON_LITERAL_NULL_CONVERSION = YES;
				CLANG_WARN_OBJC_IMPLICIT_RETAIN_SELF = YES;
				CLANG_WARN_OBJC_LITERAL_CONVERSION = YES;
				CLANG_WARN_OBJC_ROOT_CLASS = YES_ERROR;
				CLANG_WARN_RANGE_LOOP_ANALYSIS = YES;
				CLANG_WARN_STRICT_PROTOTYPES = YES;
				CLANG_WARN_SUSPICIOUS_MOVE = YES;
				CLANG_WARN_UNGUARDED_AVAILABILITY = YES_AGGRESSIVE;
				CLANG_WARN_UNREACHABLE_CODE = YES;
				CLANG_WARN__DUPLICATE_METHOD_MATCH = YES;
				COPY_PHASE_STRIP = NO;
				DEBUG_INFORMATION_FORMAT = dwarf;
				ENABLE_STRICT_OBJC_MSGSEND = YES;
				ENABLE_TESTABILITY = YES;
				GCC_C_LANGUAGE_STANDARD = gnu11;
				GCC_DYNAMIC_NO_PIC = NO;
				GCC_NO_COMMON_BLOCKS = YES;
				GCC_OPTIMIZATION_LEVEL = 0;
				GCC_PREPROCESSOR_DEFINITIONS = (
					"DEBUG=1",
					"$(inherited)",
				);
				GCC_WARN_64_TO_32_BIT_CONVERSION = YES;
				GCC_WARN_ABOUT_RETURN_TYPE = YES_ERROR;
				GCC_WARN_UNDECLARED_SELECTOR = YES;
				GCC_WARN_UNINITIALIZED_AUTOS = YES_AGGRESSIVE;
				GCC_WARN_UNUSED_FUNCTION = YES;
				GCC_WARN_UNUSED_VARIABLE = YES;
				IPHONEOS_DEPLOYMENT_TARGET = 13.2;
				MTL_ENABLE_DEBUG_INFO = INCLUDE_SOURCE;
				MTL_FAST_MATH = YES;
				ONLY_ACTIVE_ARCH = YES;
				SDKROOT = iphoneos;
				SWIFT_ACTIVE_COMPILATION_CONDITIONS = DEBUG;
				SWIFT_OPTIMIZATION_LEVEL = "-Onone";
			};
			name = Debug;
		};
		9FD42CA723F91FFB00587BD8 /* Release */ = {
			isa = XCBuildConfiguration;
			buildSettings = {
				ALWAYS_SEARCH_USER_PATHS = NO;
				CLANG_ANALYZER_NONNULL = YES;
				CLANG_ANALYZER_NUMBER_OBJECT_CONVERSION = YES_AGGRESSIVE;
				CLANG_CXX_LANGUAGE_STANDARD = "gnu++14";
				CLANG_CXX_LIBRARY = "libc++";
				CLANG_ENABLE_MODULES = YES;
				CLANG_ENABLE_OBJC_ARC = YES;
				CLANG_ENABLE_OBJC_WEAK = YES;
				CLANG_WARN_BLOCK_CAPTURE_AUTORELEASING = YES;
				CLANG_WARN_BOOL_CONVERSION = YES;
				CLANG_WARN_COMMA = YES;
				CLANG_WARN_CONSTANT_CONVERSION = YES;
				CLANG_WARN_DEPRECATED_OBJC_IMPLEMENTATIONS = YES;
				CLANG_WARN_DIRECT_OBJC_ISA_USAGE = YES_ERROR;
				CLANG_WARN_DOCUMENTATION_COMMENTS = YES;
				CLANG_WARN_EMPTY_BODY = YES;
				CLANG_WARN_ENUM_CONVERSION = YES;
				CLANG_WARN_INFINITE_RECURSION = YES;
				CLANG_WARN_INT_CONVERSION = YES;
				CLANG_WARN_NON_LITERAL_NULL_CONVERSION = YES;
				CLANG_WARN_OBJC_IMPLICIT_RETAIN_SELF = YES;
				CLANG_WARN_OBJC_LITERAL_CONVERSION = YES;
				CLANG_WARN_OBJC_ROOT_CLASS = YES_ERROR;
				CLANG_WARN_RANGE_LOOP_ANALYSIS = YES;
				CLANG_WARN_STRICT_PROTOTYPES = YES;
				CLANG_WARN_SUSPICIOUS_MOVE = YES;
				CLANG_WARN_UNGUARDED_AVAILABILITY = YES_AGGRESSIVE;
				CLANG_WARN_UNREACHABLE_CODE = YES;
				CLANG_WARN__DUPLICATE_METHOD_MATCH = YES;
				COPY_PHASE_STRIP = NO;
				DEBUG_INFORMATION_FORMAT = "dwarf-with-dsym";
				ENABLE_NS_ASSERTIONS = NO;
				ENABLE_STRICT_OBJC_MSGSEND = YES;
				GCC_C_LANGUAGE_STANDARD = gnu11;
				GCC_NO_COMMON_BLOCKS = YES;
				GCC_WARN_64_TO_32_BIT_CONVERSION = YES;
				GCC_WARN_ABOUT_RETURN_TYPE = YES_ERROR;
				GCC_WARN_UNDECLARED_SELECTOR = YES;
				GCC_WARN_UNINITIALIZED_AUTOS = YES_AGGRESSIVE;
				GCC_WARN_UNUSED_FUNCTION = YES;
				GCC_WARN_UNUSED_VARIABLE = YES;
				IPHONEOS_DEPLOYMENT_TARGET = 13.2;
				MTL_ENABLE_DEBUG_INFO = NO;
				MTL_FAST_MATH = YES;
				SDKROOT = iphoneos;
				SWIFT_COMPILATION_MODE = wholemodule;
				SWIFT_OPTIMIZATION_LEVEL = "-O";
				VALIDATE_PRODUCT = YES;
			};
			name = Release;
		};
		9FD42CA923F91FFB00587BD8 /* Debug */ = {
			isa = XCBuildConfiguration;
			buildSettings = {
				ASSETCATALOG_COMPILER_APPICON_NAME = AppIcon;
				CODE_SIGN_STYLE = Automatic;
				DEVELOPMENT_TEAM = R89YUVSKU6;
				INFOPLIST_FILE = MyName/Info.plist;
				IPHONEOS_DEPLOYMENT_TARGET = 13.0;
				LD_RUNPATH_SEARCH_PATHS = (
					"$(inherited)",
					"@executable_path/Frameworks",
				);
				PRODUCT_BUNDLE_IDENTIFIER = com.mosariot.MyName;
				PRODUCT_NAME = "$(TARGET_NAME)";
				SWIFT_VERSION = 5.0;
				TARGETED_DEVICE_FAMILY = 1;
			};
			name = Debug;
		};
		9FD42CAA23F91FFB00587BD8 /* Release */ = {
			isa = XCBuildConfiguration;
			buildSettings = {
				ASSETCATALOG_COMPILER_APPICON_NAME = AppIcon;
				CODE_SIGN_STYLE = Automatic;
				DEVELOPMENT_TEAM = R89YUVSKU6;
				INFOPLIST_FILE = MyName/Info.plist;
				IPHONEOS_DEPLOYMENT_TARGET = 13.0;
				LD_RUNPATH_SEARCH_PATHS = (
					"$(inherited)",
					"@executable_path/Frameworks",
				);
				PRODUCT_BUNDLE_IDENTIFIER = com.mosariot.MyName;
				PRODUCT_NAME = "$(TARGET_NAME)";
				SWIFT_VERSION = 5.0;
				TARGETED_DEVICE_FAMILY = 1;
			};
			name = Release;
		};
		9FD42CAC23F91FFB00587BD8 /* Debug */ = {
			isa = XCBuildConfiguration;
			buildSettings = {
				ALWAYS_EMBED_SWIFT_STANDARD_LIBRARIES = YES;
				BUNDLE_LOADER = "$(TEST_HOST)";
				CODE_SIGN_STYLE = Automatic;
				INFOPLIST_FILE = MyNameTests/Info.plist;
				IPHONEOS_DEPLOYMENT_TARGET = 13.2;
				LD_RUNPATH_SEARCH_PATHS = (
					"$(inherited)",
					"@executable_path/Frameworks",
					"@loader_path/Frameworks",
				);
				PRODUCT_BUNDLE_IDENTIFIER = com.mosariot.MyNameTests;
				PRODUCT_NAME = "$(TARGET_NAME)";
				SWIFT_VERSION = 5.0;
				TARGETED_DEVICE_FAMILY = "1,2";
				TEST_HOST = "$(BUILT_PRODUCTS_DIR)/MyName.app/MyName";
			};
			name = Debug;
		};
		9FD42CAD23F91FFB00587BD8 /* Release */ = {
			isa = XCBuildConfiguration;
			buildSettings = {
				ALWAYS_EMBED_SWIFT_STANDARD_LIBRARIES = YES;
				BUNDLE_LOADER = "$(TEST_HOST)";
				CODE_SIGN_STYLE = Automatic;
				INFOPLIST_FILE = MyNameTests/Info.plist;
				IPHONEOS_DEPLOYMENT_TARGET = 13.2;
				LD_RUNPATH_SEARCH_PATHS = (
					"$(inherited)",
					"@executable_path/Frameworks",
					"@loader_path/Frameworks",
				);
				PRODUCT_BUNDLE_IDENTIFIER = com.mosariot.MyNameTests;
				PRODUCT_NAME = "$(TARGET_NAME)";
				SWIFT_VERSION = 5.0;
				TARGETED_DEVICE_FAMILY = "1,2";
				TEST_HOST = "$(BUILT_PRODUCTS_DIR)/MyName.app/MyName";
			};
			name = Release;
		};
		9FD42CAF23F91FFB00587BD8 /* Debug */ = {
			isa = XCBuildConfiguration;
			buildSettings = {
				ALWAYS_EMBED_SWIFT_STANDARD_LIBRARIES = YES;
				CODE_SIGN_STYLE = Automatic;
				INFOPLIST_FILE = MyNameUITests/Info.plist;
				LD_RUNPATH_SEARCH_PATHS = (
					"$(inherited)",
					"@executable_path/Frameworks",
					"@loader_path/Frameworks",
				);
				PRODUCT_BUNDLE_IDENTIFIER = com.mosariot.MyNameUITests;
				PRODUCT_NAME = "$(TARGET_NAME)";
				SWIFT_VERSION = 5.0;
				TARGETED_DEVICE_FAMILY = "1,2";
				TEST_TARGET_NAME = MyName;
			};
			name = Debug;
		};
		9FD42CB023F91FFB00587BD8 /* Release */ = {
			isa = XCBuildConfiguration;
			buildSettings = {
				ALWAYS_EMBED_SWIFT_STANDARD_LIBRARIES = YES;
				CODE_SIGN_STYLE = Automatic;
				INFOPLIST_FILE = MyNameUITests/Info.plist;
				LD_RUNPATH_SEARCH_PATHS = (
					"$(inherited)",
					"@executable_path/Frameworks",
					"@loader_path/Frameworks",
				);
				PRODUCT_BUNDLE_IDENTIFIER = com.mosariot.MyNameUITests;
				PRODUCT_NAME = "$(TARGET_NAME)";
				SWIFT_VERSION = 5.0;
				TARGETED_DEVICE_FAMILY = "1,2";
				TEST_TARGET_NAME = MyName;
			};
			name = Release;
		};
/* End XCBuildConfiguration section */

/* Begin XCConfigurationList section */
		9FD42C7923F91FF500587BD8 /* Build configuration list for PBXProject "MyName" */ = {
			isa = XCConfigurationList;
			buildConfigurations = (
				9FD42CA623F91FFB00587BD8 /* Debug */,
				9FD42CA723F91FFB00587BD8 /* Release */,
			);
			defaultConfigurationIsVisible = 0;
			defaultConfigurationName = Release;
		};
		9FD42CA823F91FFB00587BD8 /* Build configuration list for PBXNativeTarget "MyName" */ = {
			isa = XCConfigurationList;
			buildConfigurations = (
				9FD42CA923F91FFB00587BD8 /* Debug */,
				9FD42CAA23F91FFB00587BD8 /* Release */,
			);
			defaultConfigurationIsVisible = 0;
			defaultConfigurationName = Release;
		};
		9FD42CAB23F91FFB00587BD8 /* Build configuration list for PBXNativeTarget "MyNameTests" */ = {
			isa = XCConfigurationList;
			buildConfigurations = (
				9FD42CAC23F91FFB00587BD8 /* Debug */,
				9FD42CAD23F91FFB00587BD8 /* Release */,
			);
			defaultConfigurationIsVisible = 0;
			defaultConfigurationName = Release;
		};
		9FD42CAE23F91FFB00587BD8 /* Build configuration list for PBXNativeTarget "MyNameUITests" */ = {
			isa = XCConfigurationList;
			buildConfigurations = (
				9FD42CAF23F91FFB00587BD8 /* Debug */,
				9FD42CB023F91FFB00587BD8 /* Release */,
			);
			defaultConfigurationIsVisible = 0;
			defaultConfigurationName = Release;
		};
/* End XCConfigurationList section */
	};
	rootObject = 9FD42C7623F91FF500587BD8 /* Project object */;
}
